// !$*UTF8*$!
{
	archiveVersion = 1;
	classes = {
	};
	objectVersion = 56;
	objects = {

/* Begin PBXBuildFile section */
		E80F509C2AE6033200EF935D /* EmojiArtApp.swift in Sources */ = {isa = PBXBuildFile; fileRef = E80F509B2AE6033200EF935D /* EmojiArtApp.swift */; };
		E80F50A02AE6033300EF935D /* Assets.xcassets in Resources */ = {isa = PBXBuildFile; fileRef = E80F509F2AE6033300EF935D /* Assets.xcassets */; };
		E80F50A32AE6033300EF935D /* Preview Assets.xcassets in Resources */ = {isa = PBXBuildFile; fileRef = E80F50A22AE6033300EF935D /* Preview Assets.xcassets */; };
		E80F50AA2AE6038600EF935D /* EmojiArt.swift in Sources */ = {isa = PBXBuildFile; fileRef = E80F50A92AE6038600EF935D /* EmojiArt.swift */; };
		E80F50AC2AE6045900EF935D /* EmojiArtDocument.swift in Sources */ = {isa = PBXBuildFile; fileRef = E80F50AB2AE6045900EF935D /* EmojiArtDocument.swift */; };
		E80F50AE2AE605E300EF935D /* EmojiArtDocumentView.swift in Sources */ = {isa = PBXBuildFile; fileRef = E80F50AD2AE605E300EF935D /* EmojiArtDocumentView.swift */; };
		E80F50B02AE61B0200EF935D /* Extensionz.swift in Sources */ = {isa = PBXBuildFile; fileRef = E80F50AF2AE61B0200EF935D /* Extensionz.swift */; };
		E8402B352AEAA720001B5604 /* PaletteEditor.swift in Sources */ = {isa = PBXBuildFile; fileRef = E8402B342AEAA720001B5604 /* PaletteEditor.swift */; };
		E87FC62D2AEB277100469E20 /* PaletteList.swift in Sources */ = {isa = PBXBuildFile; fileRef = E87FC62C2AEB277100469E20 /* PaletteList.swift */; };
		E87FC62F2AEB328F00469E20 /* PaletteManager.swift in Sources */ = {isa = PBXBuildFile; fileRef = E87FC62E2AEB328F00469E20 /* PaletteManager.swift */; };
		E88F5C972AE8A3DE00800C4D /* Palette.swift in Sources */ = {isa = PBXBuildFile; fileRef = E88F5C962AE8A3DE00800C4D /* Palette.swift */; };
		E88F5C992AE8A7F200800C4D /* PaletteStore.swift in Sources */ = {isa = PBXBuildFile; fileRef = E88F5C982AE8A7F200800C4D /* PaletteStore.swift */; };
		E88F5C9B2AE8B46000800C4D /* PaletteChooser.swift in Sources */ = {isa = PBXBuildFile; fileRef = E88F5C9A2AE8B46000800C4D /* PaletteChooser.swift */; };
		E8EC5A882AE6239F00C685BB /* Utilitiez.swift in Sources */ = {isa = PBXBuildFile; fileRef = E8EC5A872AE6239F00C685BB /* Utilitiez.swift */; };
		E8EC5A8A2AE7057800C685BB /* Sturldata.swift in Sources */ = {isa = PBXBuildFile; fileRef = E8EC5A892AE7057800C685BB /* Sturldata.swift */; };
/* End PBXBuildFile section */

/* Begin PBXFileReference section */
		E80F50982AE6033200EF935D /* EmojiArt.app */ = {isa = PBXFileReference; explicitFileType = wrapper.application; includeInIndex = 0; path = EmojiArt.app; sourceTree = BUILT_PRODUCTS_DIR; };
		E80F509B2AE6033200EF935D /* EmojiArtApp.swift */ = {isa = PBXFileReference; lastKnownFileType = sourcecode.swift; path = EmojiArtApp.swift; sourceTree = "<group>"; };
		E80F509F2AE6033300EF935D /* Assets.xcassets */ = {isa = PBXFileReference; lastKnownFileType = folder.assetcatalog; path = Assets.xcassets; sourceTree = "<group>"; };
		E80F50A22AE6033300EF935D /* Preview Assets.xcassets */ = {isa = PBXFileReference; lastKnownFileType = folder.assetcatalog; path = "Preview Assets.xcassets"; sourceTree = "<group>"; };
		E80F50A92AE6038600EF935D /* EmojiArt.swift */ = {isa = PBXFileReference; lastKnownFileType = sourcecode.swift; path = EmojiArt.swift; sourceTree = "<group>"; };
		E80F50AB2AE6045900EF935D /* EmojiArtDocument.swift */ = {isa = PBXFileReference; lastKnownFileType = sourcecode.swift; path = EmojiArtDocument.swift; sourceTree = "<group>"; };
		E80F50AD2AE605E300EF935D /* EmojiArtDocumentView.swift */ = {isa = PBXFileReference; lastKnownFileType = sourcecode.swift; path = EmojiArtDocumentView.swift; sourceTree = "<group>"; };
		E80F50AF2AE61B0200EF935D /* Extensionz.swift */ = {isa = PBXFileReference; lastKnownFileType = sourcecode.swift; path = Extensionz.swift; sourceTree = "<group>"; };
		E810E3112AED551F00A6B937 /* Info.plist */ = {isa = PBXFileReference; lastKnownFileType = text.plist; path = Info.plist; sourceTree = "<group>"; };
		E8402B342AEAA720001B5604 /* PaletteEditor.swift */ = {isa = PBXFileReference; lastKnownFileType = sourcecode.swift; path = PaletteEditor.swift; sourceTree = "<group>"; };
		E87FC62C2AEB277100469E20 /* PaletteList.swift */ = {isa = PBXFileReference; lastKnownFileType = sourcecode.swift; path = PaletteList.swift; sourceTree = "<group>"; };
		E87FC62E2AEB328F00469E20 /* PaletteManager.swift */ = {isa = PBXFileReference; lastKnownFileType = sourcecode.swift; path = PaletteManager.swift; sourceTree = "<group>"; };
		E88F5C962AE8A3DE00800C4D /* Palette.swift */ = {isa = PBXFileReference; lastKnownFileType = sourcecode.swift; path = Palette.swift; sourceTree = "<group>"; };
		E88F5C982AE8A7F200800C4D /* PaletteStore.swift */ = {isa = PBXFileReference; lastKnownFileType = sourcecode.swift; path = PaletteStore.swift; sourceTree = "<group>"; };
		E88F5C9A2AE8B46000800C4D /* PaletteChooser.swift */ = {isa = PBXFileReference; lastKnownFileType = sourcecode.swift; path = PaletteChooser.swift; sourceTree = "<group>"; };
		E8EC5A872AE6239F00C685BB /* Utilitiez.swift */ = {isa = PBXFileReference; lastKnownFileType = sourcecode.swift; path = Utilitiez.swift; sourceTree = "<group>"; };
		E8EC5A892AE7057800C685BB /* Sturldata.swift */ = {isa = PBXFileReference; lastKnownFileType = sourcecode.swift; path = Sturldata.swift; sourceTree = "<group>"; };
/* End PBXFileReference section */

/* Begin PBXFrameworksBuildPhase section */
		E80F50952AE6033200EF935D /* Frameworks */ = {
			isa = PBXFrameworksBuildPhase;
			buildActionMask = 2147483647;
			files = (
			);
			runOnlyForDeploymentPostprocessing = 0;
		};
/* End PBXFrameworksBuildPhase section */

/* Begin PBXGroup section */
		E80F508F2AE6033200EF935D = {
			isa = PBXGroup;
			children = (
				E80F509A2AE6033200EF935D /* EmojiArt */,
				E80F50992AE6033200EF935D /* Products */,
			);
			sourceTree = "<group>";
		};
		E80F50992AE6033200EF935D /* Products */ = {
			isa = PBXGroup;
			children = (
				E80F50982AE6033200EF935D /* EmojiArt.app */,
			);
			name = Products;
			sourceTree = "<group>";
		};
		E80F509A2AE6033200EF935D /* EmojiArt */ = {
			isa = PBXGroup;
			children = (
				E810E3112AED551F00A6B937 /* Info.plist */,
				E80F509B2AE6033200EF935D /* EmojiArtApp.swift */,
				E80F509F2AE6033300EF935D /* Assets.xcassets */,
				E80F50A12AE6033300EF935D /* Preview Content */,
				E80F50A92AE6038600EF935D /* EmojiArt.swift */,
				E80F50AB2AE6045900EF935D /* EmojiArtDocument.swift */,
				E80F50AD2AE605E300EF935D /* EmojiArtDocumentView.swift */,
				E8EC5A892AE7057800C685BB /* Sturldata.swift */,
				E88F5C962AE8A3DE00800C4D /* Palette.swift */,
				E87FC62E2AEB328F00469E20 /* PaletteManager.swift */,
				E88F5C9A2AE8B46000800C4D /* PaletteChooser.swift */,
				E88F5C982AE8A7F200800C4D /* PaletteStore.swift */,
				E87FC62C2AEB277100469E20 /* PaletteList.swift */,
				E8402B342AEAA720001B5604 /* PaletteEditor.swift */,
				E80F50AF2AE61B0200EF935D /* Extensionz.swift */,
				E8EC5A872AE6239F00C685BB /* Utilitiez.swift */,
			);
			path = EmojiArt;
			sourceTree = "<group>";
		};
		E80F50A12AE6033300EF935D /* Preview Content */ = {
			isa = PBXGroup;
			children = (
				E80F50A22AE6033300EF935D /* Preview Assets.xcassets */,
			);
			path = "Preview Content";
			sourceTree = "<group>";
		};
/* End PBXGroup section */

/* Begin PBXNativeTarget section */
		E80F50972AE6033200EF935D /* EmojiArt */ = {
			isa = PBXNativeTarget;
			buildConfigurationList = E80F50A62AE6033300EF935D /* Build configuration list for PBXNativeTarget "EmojiArt" */;
			buildPhases = (
				E80F50942AE6033200EF935D /* Sources */,
				E80F50952AE6033200EF935D /* Frameworks */,
				E80F50962AE6033200EF935D /* Resources */,
			);
			buildRules = (
			);
			dependencies = (
			);
			name = EmojiArt;
			productName = EmojiArt;
			productReference = E80F50982AE6033200EF935D /* EmojiArt.app */;
			productType = "com.apple.product-type.application";
		};
/* End PBXNativeTarget section */

/* Begin PBXProject section */
		E80F50902AE6033200EF935D /* Project object */ = {
			isa = PBXProject;
			attributes = {
				BuildIndependentTargetsInParallel = 1;
				LastSwiftUpdateCheck = 1500;
				LastUpgradeCheck = 1500;
				TargetAttributes = {
					E80F50972AE6033200EF935D = {
						CreatedOnToolsVersion = 15.0.1;
					};
				};
			};
			buildConfigurationList = E80F50932AE6033200EF935D /* Build configuration list for PBXProject "EmojiArt" */;
			compatibilityVersion = "Xcode 14.0";
			developmentRegion = en;
			hasScannedForEncodings = 0;
			knownRegions = (
				en,
				Base,
			);
			mainGroup = E80F508F2AE6033200EF935D;
			productRefGroup = E80F50992AE6033200EF935D /* Products */;
			projectDirPath = "";
			projectRoot = "";
			targets = (
				E80F50972AE6033200EF935D /* EmojiArt */,
			);
		};
/* End PBXProject section */

/* Begin PBXResourcesBuildPhase section */
		E80F50962AE6033200EF935D /* Resources */ = {
			isa = PBXResourcesBuildPhase;
			buildActionMask = 2147483647;
			files = (
				E80F50A32AE6033300EF935D /* Preview Assets.xcassets in Resources */,
				E80F50A02AE6033300EF935D /* Assets.xcassets in Resources */,
			);
			runOnlyForDeploymentPostprocessing = 0;
		};
/* End PBXResourcesBuildPhase section */

/* Begin PBXSourcesBuildPhase section */
		E80F50942AE6033200EF935D /* Sources */ = {
			isa = PBXSourcesBuildPhase;
			buildActionMask = 2147483647;
			files = (
				E87FC62F2AEB328F00469E20 /* PaletteManager.swift in Sources */,
				E8EC5A8A2AE7057800C685BB /* Sturldata.swift in Sources */,
				E80F50AE2AE605E300EF935D /* EmojiArtDocumentView.swift in Sources */,
				E8EC5A882AE6239F00C685BB /* Utilitiez.swift in Sources */,
				E87FC62D2AEB277100469E20 /* PaletteList.swift in Sources */,
				E80F50AA2AE6038600EF935D /* EmojiArt.swift in Sources */,
				E88F5C992AE8A7F200800C4D /* PaletteStore.swift in Sources */,
				E80F509C2AE6033200EF935D /* EmojiArtApp.swift in Sources */,
				E8402B352AEAA720001B5604 /* PaletteEditor.swift in Sources */,
				E80F50B02AE61B0200EF935D /* Extensionz.swift in Sources */,
				E80F50AC2AE6045900EF935D /* EmojiArtDocument.swift in Sources */,
				E88F5C972AE8A3DE00800C4D /* Palette.swift in Sources */,
				E88F5C9B2AE8B46000800C4D /* PaletteChooser.swift in Sources */,
			);
			runOnlyForDeploymentPostprocessing = 0;
		};
/* End PBXSourcesBuildPhase section */

/* Begin XCBuildConfiguration section */
		E80F50A42AE6033300EF935D /* Debug */ = {
			isa = XCBuildConfiguration;
			buildSettings = {
				ALWAYS_SEARCH_USER_PATHS = NO;
				ASSETCATALOG_COMPILER_GENERATE_SWIFT_ASSET_SYMBOL_EXTENSIONS = YES;
				CLANG_ANALYZER_NONNULL = YES;
				CLANG_ANALYZER_NUMBER_OBJECT_CONVERSION = YES_AGGRESSIVE;
				CLANG_CXX_LANGUAGE_STANDARD = "gnu++20";
				CLANG_ENABLE_MODULES = YES;
				CLANG_ENABLE_OBJC_ARC = YES;
				CLANG_ENABLE_OBJC_WEAK = YES;
				CLANG_WARN_BLOCK_CAPTURE_AUTORELEASING = YES;
				CLANG_WARN_BOOL_CONVERSION = YES;
				CLANG_WARN_COMMA = YES;
				CLANG_WARN_CONSTANT_CONVERSION = YES;
				CLANG_WARN_DEPRECATED_OBJC_IMPLEMENTATIONS = YES;
				CLANG_WARN_DIRECT_OBJC_ISA_USAGE = YES_ERROR;
				CLANG_WARN_DOCUMENTATION_COMMENTS = YES;
				CLANG_WARN_EMPTY_BODY = YES;
				CLANG_WARN_ENUM_CONVERSION = YES;
				CLANG_WARN_INFINITE_RECURSION = YES;
				CLANG_WARN_INT_CONVERSION = YES;
				CLANG_WARN_NON_LITERAL_NULL_CONVERSION = YES;
				CLANG_WARN_OBJC_IMPLICIT_RETAIN_SELF = YES;
				CLANG_WARN_OBJC_LITERAL_CONVERSION = YES;
				CLANG_WARN_OBJC_ROOT_CLASS = YES_ERROR;
				CLANG_WARN_QUOTED_INCLUDE_IN_FRAMEWORK_HEADER = YES;
				CLANG_WARN_RANGE_LOOP_ANALYSIS = YES;
				CLANG_WARN_STRICT_PROTOTYPES = YES;
				CLANG_WARN_SUSPICIOUS_MOVE = YES;
				CLANG_WARN_UNGUARDED_AVAILABILITY = YES_AGGRESSIVE;
				CLANG_WARN_UNREACHABLE_CODE = YES;
				CLANG_WARN__DUPLICATE_METHOD_MATCH = YES;
				COPY_PHASE_STRIP = NO;
				DEBUG_INFORMATION_FORMAT = dwarf;
				ENABLE_STRICT_OBJC_MSGSEND = YES;
				ENABLE_TESTABILITY = YES;
				ENABLE_USER_SCRIPT_SANDBOXING = YES;
				GCC_C_LANGUAGE_STANDARD = gnu17;
				GCC_DYNAMIC_NO_PIC = NO;
				GCC_NO_COMMON_BLOCKS = YES;
				GCC_OPTIMIZATION_LEVEL = 0;
				GCC_PREPROCESSOR_DEFINITIONS = (
					"DEBUG=1",
					"$(inherited)",
				);
				GCC_WARN_64_TO_32_BIT_CONVERSION = YES;
				GCC_WARN_ABOUT_RETURN_TYPE = YES_ERROR;
				GCC_WARN_UNDECLARED_SELECTOR = YES;
				GCC_WARN_UNINITIALIZED_AUTOS = YES_AGGRESSIVE;
				GCC_WARN_UNUSED_FUNCTION = YES;
				GCC_WARN_UNUSED_VARIABLE = YES;
				IPHONEOS_DEPLOYMENT_TARGET = 17.0;
				LOCALIZATION_PREFERS_STRING_CATALOGS = YES;
				MTL_ENABLE_DEBUG_INFO = INCLUDE_SOURCE;
				MTL_FAST_MATH = YES;
				ONLY_ACTIVE_ARCH = YES;
				SDKROOT = iphoneos;
				SWIFT_ACTIVE_COMPILATION_CONDITIONS = "DEBUG $(inherited)";
				SWIFT_OPTIMIZATION_LEVEL = "-Onone";
			};
			name = Debug;
		};
		E80F50A52AE6033300EF935D /* Release */ = {
			isa = XCBuildConfiguration;
			buildSettings = {
				ALWAYS_SEARCH_USER_PATHS = NO;
				ASSETCATALOG_COMPILER_GENERATE_SWIFT_ASSET_SYMBOL_EXTENSIONS = YES;
				CLANG_ANALYZER_NONNULL = YES;
				CLANG_ANALYZER_NUMBER_OBJECT_CONVERSION = YES_AGGRESSIVE;
				CLANG_CXX_LANGUAGE_STANDARD = "gnu++20";
				CLANG_ENABLE_MODULES = YES;
				CLANG_ENABLE_OBJC_ARC = YES;
				CLANG_ENABLE_OBJC_WEAK = YES;
				CLANG_WARN_BLOCK_CAPTURE_AUTORELEASING = YES;
				CLANG_WARN_BOOL_CONVERSION = YES;
				CLANG_WARN_COMMA = YES;
				CLANG_WARN_CONSTANT_CONVERSION = YES;
				CLANG_WARN_DEPRECATED_OBJC_IMPLEMENTATIONS = YES;
				CLANG_WARN_DIRECT_OBJC_ISA_USAGE = YES_ERROR;
				CLANG_WARN_DOCUMENTATION_COMMENTS = YES;
				CLANG_WARN_EMPTY_BODY = YES;
				CLANG_WARN_ENUM_CONVERSION = YES;
				CLANG_WARN_INFINITE_RECURSION = YES;
				CLANG_WARN_INT_CONVERSION = YES;
				CLANG_WARN_NON_LITERAL_NULL_CONVERSION = YES;
				CLANG_WARN_OBJC_IMPLICIT_RETAIN_SELF = YES;
				CLANG_WARN_OBJC_LITERAL_CONVERSION = YES;
				CLANG_WARN_OBJC_ROOT_CLASS = YES_ERROR;
				CLANG_WARN_QUOTED_INCLUDE_IN_FRAMEWORK_HEADER = YES;
				CLANG_WARN_RANGE_LOOP_ANALYSIS = YES;
				CLANG_WARN_STRICT_PROTOTYPES = YES;
				CLANG_WARN_SUSPICIOUS_MOVE = YES;
				CLANG_WARN_UNGUARDED_AVAILABILITY = YES_AGGRESSIVE;
				CLANG_WARN_UNREACHABLE_CODE = YES;
				CLANG_WARN__DUPLICATE_METHOD_MATCH = YES;
				COPY_PHASE_STRIP = NO;
				DEBUG_INFORMATION_FORMAT = "dwarf-with-dsym";
				ENABLE_NS_ASSERTIONS = NO;
				ENABLE_STRICT_OBJC_MSGSEND = YES;
				ENABLE_USER_SCRIPT_SANDBOXING = YES;
				GCC_C_LANGUAGE_STANDARD = gnu17;
				GCC_NO_COMMON_BLOCKS = YES;
				GCC_WARN_64_TO_32_BIT_CONVERSION = YES;
				GCC_WARN_ABOUT_RETURN_TYPE = YES_ERROR;
				GCC_WARN_UNDECLARED_SELECTOR = YES;
				GCC_WARN_UNINITIALIZED_AUTOS = YES_AGGRESSIVE;
				GCC_WARN_UNUSED_FUNCTION = YES;
				GCC_WARN_UNUSED_VARIABLE = YES;
				IPHONEOS_DEPLOYMENT_TARGET = 17.0;
				LOCALIZATION_PREFERS_STRING_CATALOGS = YES;
				MTL_ENABLE_DEBUG_INFO = NO;
				MTL_FAST_MATH = YES;
				SDKROOT = iphoneos;
				SWIFT_COMPILATION_MODE = wholemodule;
				VALIDATE_PRODUCT = YES;
			};
			name = Release;
		};
		E80F50A72AE6033300EF935D /* Debug */ = {
			isa = XCBuildConfiguration;
			buildSettings = {
				ASSETCATALOG_COMPILER_APPICON_NAME = AppIcon;
				ASSETCATALOG_COMPILER_GLOBAL_ACCENT_COLOR_NAME = AccentColor;
				CODE_SIGN_STYLE = Automatic;
				CURRENT_PROJECT_VERSION = 1;
				DEVELOPMENT_ASSET_PATHS = "\"EmojiArt/Preview Content\"";
				DEVELOPMENT_TEAM = 2GG555KD5G;
				ENABLE_PREVIEWS = YES;
				GENERATE_INFOPLIST_FILE = YES;
				INFOPLIST_FILE = EmojiArt/Info.plist;
				INFOPLIST_KEY_UIApplicationSceneManifest_Generation = YES;
				INFOPLIST_KEY_UIApplicationSupportsIndirectInputEvents = YES;
				INFOPLIST_KEY_UILaunchScreen_Generation = YES;
				INFOPLIST_KEY_UISupportedInterfaceOrientations_iPad = "UIInterfaceOrientationPortrait UIInterfaceOrientationPortraitUpsideDown UIInterfaceOrientationLandscapeLeft UIInterfaceOrientationLandscapeRight";
				INFOPLIST_KEY_UISupportedInterfaceOrientations_iPhone = "UIInterfaceOrientationPortrait UIInterfaceOrientationLandscapeLeft UIInterfaceOrientationLandscapeRight";
				INFOPLIST_KEY_UISupportsDocumentBrowser = YES;
				LD_RUNPATH_SEARCH_PATHS = (
					"$(inherited)",
					"@executable_path/Frameworks",
				);
				MARKETING_VERSION = 1.0;
				PRODUCT_BUNDLE_IDENTIFIER = com.nick.emoji.art;
				PRODUCT_NAME = "$(TARGET_NAME)";
				SWIFT_EMIT_LOC_STRINGS = YES;
				SWIFT_VERSION = 5.0;
				TARGETED_DEVICE_FAMILY = "1,2";
			};
			name = Debug;
		};
		E80F50A82AE6033300EF935D /* Release */ = {
			isa = XCBuildConfiguration;
			buildSettings = {
				ASSETCATALOG_COMPILER_APPICON_NAME = AppIcon;
				ASSETCATALOG_COMPILER_GLOBAL_ACCENT_COLOR_NAME = AccentColor;
				CODE_SIGN_STYLE = Automatic;
				CURRENT_PROJECT_VERSION = 1;
				DEVELOPMENT_ASSET_PATHS = "\"EmojiArt/Preview Content\"";
				DEVELOPMENT_TEAM = 2GG555KD5G;
				ENABLE_PREVIEWS = YES;
				GENERATE_INFOPLIST_FILE = YES;
				INFOPLIST_FILE = EmojiArt/Info.plist;
				INFOPLIST_KEY_UIApplicationSceneManifest_Generation = YES;
				INFOPLIST_KEY_UIApplicationSupportsIndirectInputEvents = YES;
				INFOPLIST_KEY_UILaunchScreen_Generation = YES;
				INFOPLIST_KEY_UISupportedInterfaceOrientations_iPad = "UIInterfaceOrientationPortrait UIInterfaceOrientationPortraitUpsideDown UIInterfaceOrientationLandscapeLeft UIInterfaceOrientationLandscapeRight";
				INFOPLIST_KEY_UISupportedInterfaceOrientations_iPhone = "UIInterfaceOrientationPortrait UIInterfaceOrientationLandscapeLeft UIInterfaceOrientationLandscapeRight";
				INFOPLIST_KEY_UISupportsDocumentBrowser = YES;
				LD_RUNPATH_SEARCH_PATHS = (
					"$(inherited)",
					"@executable_path/Frameworks",
				);
				MARKETING_VERSION = 1.0;
				PRODUCT_BUNDLE_IDENTIFIER = com.nick.emoji.art;
				PRODUCT_NAME = "$(TARGET_NAME)";
				SWIFT_EMIT_LOC_STRINGS = YES;
				SWIFT_VERSION = 5.0;
				TARGETED_DEVICE_FAMILY = "1,2";
			};
			name = Release;
		};
/* End XCBuildConfiguration section */

/* Begin XCConfigurationList section */
		E80F50932AE6033200EF935D /* Build configuration list for PBXProject "EmojiArt" */ = {
			isa = XCConfigurationList;
			buildConfigurations = (
				E80F50A42AE6033300EF935D /* Debug */,
				E80F50A52AE6033300EF935D /* Release */,
			);
			defaultConfigurationIsVisible = 0;
			defaultConfigurationName = Release;
		};
		E80F50A62AE6033300EF935D /* Build configuration list for PBXNativeTarget "EmojiArt" */ = {
			isa = XCConfigurationList;
			buildConfigurations = (
				E80F50A72AE6033300EF935D /* Debug */,
				E80F50A82AE6033300EF935D /* Release */,
			);
			defaultConfigurationIsVisible = 0;
			defaultConfigurationName = Release;
		};
/* End XCConfigurationList section */
	};
	rootObject = E80F50902AE6033200EF935D /* Project object */;
}
